
Microsoft Visual Studio Solution File, Format Version 12.00
# Visual Studio Version 16
VisualStudioVersion = 16.0.30804.86
MinimumVisualStudioVersion = 10.0.40219.1
Project("{9A19103F-16F7-4668-BE54-9A1E7A4F7556}") = "Entities", "Entities\Entities.csproj", "{339C27A1-479E-4B72-AED8-AD7EF514D5FC}"
EndProject
Project("{9A19103F-16F7-4668-BE54-9A1E7A4F7556}") = "DataAccess", "DataAccess\DataAccess.csproj", "{A02933E3-7C1C-4651-9EAE-98E7822EB1C0}"
EndProject
Project("{9A19103F-16F7-4668-BE54-9A1E7A4F7556}") = "Business", "Business\Business.csproj", "{C1321EA3-0919-4D3D-B80B-C943F791FEBB}"
EndProject
Project("{2150E333-8FDC-42A3-9474-1A3956D46DE8}") = "Solution Items", "Solution Items", "{F816BBB8-20B9-4149-92CB-7D361C00A030}"
	ProjectSection(SolutionItems) = preProject
		ReCapProjectDB.sql = ReCapProjectDB.sql
	EndProjectSection
EndProject
Project("{9A19103F-16F7-4668-BE54-9A1E7A4F7556}") = "Core", "Core\Core.csproj", "{8B63725F-FCAE-4A09-9045-E9F90CF76BDA}"
EndProject
Project("{9A19103F-16F7-4668-BE54-9A1E7A4F7556}") = "WebAPI", "WebAPI\WebAPI.csproj", "{99DCEA50-03E4-4D32-8612-443FA9AE758A}"
EndProject
Global
	GlobalSection(SolutionConfigurationPlatforms) = preSolution
		Debug|Any CPU = Debug|Any CPU
		Release|Any CPU = Release|Any CPU
	EndGlobalSection
	GlobalSection(ProjectConfigurationPlatforms) = postSolution
		{339C27A1-479E-4B72-AED8-AD7EF514D5FC}.Debug|Any CPU.ActiveCfg = Debug|Any CPU
		{339C27A1-479E-4B72-AED8-AD7EF514D5FC}.Debug|Any CPU.Build.0 = Debug|Any CPU
		{339C27A1-479E-4B72-AED8-AD7EF514D5FC}.Release|Any CPU.ActiveCfg = Release|Any CPU
		{339C27A1-479E-4B72-AED8-AD7EF514D5FC}.Release|Any CPU.Build.0 = Release|Any CPU
		{A02933E3-7C1C-4651-9EAE-98E7822EB1C0}.Debug|Any CPU.ActiveCfg = Debug|Any CPU
		{A02933E3-7C1C-4651-9EAE-98E7822EB1C0}.Debug|Any CPU.Build.0 = Debug|Any CPU
		{A02933E3-7C1C-4651-9EAE-98E7822EB1C0}.Release|Any CPU.ActiveCfg = Release|Any CPU
		{A02933E3-7C1C-4651-9EAE-98E7822EB1C0}.Release|Any CPU.Build.0 = Release|Any CPU
		{C1321EA3-0919-4D3D-B80B-C943F791FEBB}.Debug|Any CPU.ActiveCfg = Debug|Any CPU
		{C1321EA3-0919-4D3D-B80B-C943F791FEBB}.Debug|Any CPU.Build.0 = Debug|Any CPU
		{C1321EA3-0919-4D3D-B80B-C943F791FEBB}.Release|Any CPU.ActiveCfg = Release|Any CPU
		{C1321EA3-0919-4D3D-B80B-C943F791FEBB}.Release|Any CPU.Build.0 = Release|Any CPU
		{8B63725F-FCAE-4A09-9045-E9F90CF76BDA}.Debug|Any CPU.ActiveCfg = Debug|Any CPU
		{8B63725F-FCAE-4A09-9045-E9F90CF76BDA}.Debug|Any CPU.Build.0 = Debug|Any CPU
		{8B63725F-FCAE-4A09-9045-E9F90CF76BDA}.Release|Any CPU.ActiveCfg = Release|Any CPU
		{8B63725F-FCAE-4A09-9045-E9F90CF76BDA}.Release|Any CPU.Build.0 = Release|Any CPU
		{99DCEA50-03E4-4D32-8612-443FA9AE758A}.Debug|Any CPU.ActiveCfg = Debug|Any CPU
		{99DCEA50-03E4-4D32-8612-443FA9AE758A}.Debug|Any CPU.Build.0 = Debug|Any CPU
		{99DCEA50-03E4-4D32-8612-443FA9AE758A}.Release|Any CPU.ActiveCfg = Release|Any CPU
		{99DCEA50-03E4-4D32-8612-443FA9AE758A}.Release|Any CPU.Build.0 = Release|Any CPU
	EndGlobalSection
	GlobalSection(SolutionProperties) = preSolution
		HideSolutionNode = FALSE
	EndGlobalSection
	GlobalSection(ExtensibilityGlobals) = postSolution
		SolutionGuid = {2ABB2908-51FF-4969-881A-9983E947FAFD}
	EndGlobalSection
EndGlobal
